
Microsoft Visual Studio Solution File, Format Version 12.00
# Visual Studio Version 17
VisualStudioVersion = 17.13.35806.99
MinimumVisualStudioVersion = 10.0.40219.1
Project("{FAE04EC0-301F-11D3-BF4B-00C04F79EFBC}") = "Customer.API", "Customer.API\Customer.API.csproj", "{4A388915-8561-47F3-9080-EC981671C4E8}"
EndProject
Project("{FAE04EC0-301F-11D3-BF4B-00C04F79EFBC}") = "ORH.Domain", "ORH.Domain\ORH.Domain.csproj", "{8665A554-1461-4AC0-815F-B7C4C0E692D6}"
EndProject
Project("{FAE04EC0-301F-11D3-BF4B-00C04F79EFBC}") = "ORH.Infrastructure", "ORH.Infrastructure\ORH.Infrastructure.csproj", "{45FFAF8D-64E7-496C-8ACC-4D2005792C62}"
EndProject
Project("{FAE04EC0-301F-11D3-BF4B-00C04F79EFBC}") = "ORH.Application", "ORH.Application\ORH.Application.csproj", "{CDF50F0D-1286-4064-9B9A-619AF14221B2}"
EndProject
Project("{FAE04EC0-301F-11D3-BF4B-00C04F79EFBC}") = "Product.API", "Product.API\Product.API.csproj", "{1D557DAC-2C35-482B-A264-0B55F1F58C01}"
EndProject
Global
	GlobalSection(SolutionConfigurationPlatforms) = preSolution
		Debug|Any CPU = Debug|Any CPU
		Release|Any CPU = Release|Any CPU
	EndGlobalSection
	GlobalSection(ProjectConfigurationPlatforms) = postSolution
		{8665A554-1461-4AC0-815F-B7C4C0E692D6}.Debug|Any CPU.ActiveCfg = Debug|Any CPU
		{8665A554-1461-4AC0-815F-B7C4C0E692D6}.Debug|Any CPU.Build.0 = Debug|Any CPU
		{8665A554-1461-4AC0-815F-B7C4C0E692D6}.Release|Any CPU.ActiveCfg = Release|Any CPU
		{8665A554-1461-4AC0-815F-B7C4C0E692D6}.Release|Any CPU.Build.0 = Release|Any CPU
		{45FFAF8D-64E7-496C-8ACC-4D2005792C62}.Debug|Any CPU.ActiveCfg = Debug|Any CPU
		{45FFAF8D-64E7-496C-8ACC-4D2005792C62}.Debug|Any CPU.Build.0 = Debug|Any CPU
		{45FFAF8D-64E7-496C-8ACC-4D2005792C62}.Release|Any CPU.ActiveCfg = Release|Any CPU
		{45FFAF8D-64E7-496C-8ACC-4D2005792C62}.Release|Any CPU.Build.0 = Release|Any CPU
		{4A388915-8561-47F3-9080-EC981671C4E8}.Debug|Any CPU.ActiveCfg = Debug|Any CPU
		{4A388915-8561-47F3-9080-EC981671C4E8}.Debug|Any CPU.Build.0 = Debug|Any CPU
		{4A388915-8561-47F3-9080-EC981671C4E8}.Release|Any CPU.ActiveCfg = Release|Any CPU
		{4A388915-8561-47F3-9080-EC981671C4E8}.Release|Any CPU.Build.0 = Release|Any CPU
		{CDF50F0D-1286-4064-9B9A-619AF14221B2}.Debug|Any CPU.ActiveCfg = Debug|Any CPU
		{CDF50F0D-1286-4064-9B9A-619AF14221B2}.Debug|Any CPU.Build.0 = Debug|Any CPU
		{CDF50F0D-1286-4064-9B9A-619AF14221B2}.Release|Any CPU.ActiveCfg = Release|Any CPU
		{CDF50F0D-1286-4064-9B9A-619AF14221B2}.Release|Any CPU.Build.0 = Release|Any CPU
		{1D557DAC-2C35-482B-A264-0B55F1F58C01}.Debug|Any CPU.ActiveCfg = Debug|Any CPU
		{1D557DAC-2C35-482B-A264-0B55F1F58C01}.Debug|Any CPU.Build.0 = Debug|Any CPU
		{1D557DAC-2C35-482B-A264-0B55F1F58C01}.Release|Any CPU.ActiveCfg = Release|Any CPU
		{1D557DAC-2C35-482B-A264-0B55F1F58C01}.Release|Any CPU.Build.0 = Release|Any CPU
	EndGlobalSection
	GlobalSection(SolutionProperties) = preSolution
		HideSolutionNode = FALSE
	EndGlobalSection
	GlobalSection(ExtensibilityGlobals) = postSolution
		SolutionGuid = {F8C36073-AEBA-4F82-9680-71EAB57E20FF}
	EndGlobalSection
EndGlobal
